
Microsoft Visual Studio Solution File, Format Version 12.00
# Visual Studio Version 17
VisualStudioVersion = 17.1.32328.378
MinimumVisualStudioVersion = 10.0.40219.1
Project("{FAE04EC0-301F-11D3-BF4B-00C04F79EFBC}") = "CSRefactorCurio", "CSRefactorCurio\CSRefactorCurio.csproj", "{D3420F70-76F5-4296-BCAA-1585BCE26D95}"
EndProject
Project("{FAE04EC0-301F-11D3-BF4B-00C04F79EFBC}") = "Experiments", "Experiments\Experiments.csproj", "{154436CA-7A60-4B6C-AE8F-68F5E4514553}"
EndProject
Global
	GlobalSection(SolutionConfigurationPlatforms) = preSolution
		Debug|Any CPU = Debug|Any CPU
		Debug|x86 = Debug|x86
		Release|Any CPU = Release|Any CPU
		Release|x86 = Release|x86
	EndGlobalSection
	GlobalSection(ProjectConfigurationPlatforms) = postSolution
		{D3420F70-76F5-4296-BCAA-1585BCE26D95}.Debug|Any CPU.ActiveCfg = Debug|Any CPU
		{D3420F70-76F5-4296-BCAA-1585BCE26D95}.Debug|Any CPU.Build.0 = Debug|Any CPU
		{D3420F70-76F5-4296-BCAA-1585BCE26D95}.Debug|x86.ActiveCfg = Debug|x86
		{D3420F70-76F5-4296-BCAA-1585BCE26D95}.Debug|x86.Build.0 = Debug|x86
		{D3420F70-76F5-4296-BCAA-1585BCE26D95}.Release|Any CPU.ActiveCfg = Release|Any CPU
		{D3420F70-76F5-4296-BCAA-1585BCE26D95}.Release|Any CPU.Build.0 = Release|Any CPU
		{D3420F70-76F5-4296-BCAA-1585BCE26D95}.Release|x86.ActiveCfg = Release|x86
		{D3420F70-76F5-4296-BCAA-1585BCE26D95}.Release|x86.Build.0 = Release|x86
		{154436CA-7A60-4B6C-AE8F-68F5E4514553}.Debug|Any CPU.ActiveCfg = Debug|Any CPU
		{154436CA-7A60-4B6C-AE8F-68F5E4514553}.Debug|Any CPU.Build.0 = Debug|Any CPU
		{154436CA-7A60-4B6C-AE8F-68F5E4514553}.Debug|x86.ActiveCfg = Debug|Any CPU
		{154436CA-7A60-4B6C-AE8F-68F5E4514553}.Debug|x86.Build.0 = Debug|Any CPU
		{154436CA-7A60-4B6C-AE8F-68F5E4514553}.Release|Any CPU.ActiveCfg = Release|Any CPU
		{154436CA-7A60-4B6C-AE8F-68F5E4514553}.Release|Any CPU.Build.0 = Release|Any CPU
		{154436CA-7A60-4B6C-AE8F-68F5E4514553}.Release|x86.ActiveCfg = Release|Any CPU
		{154436CA-7A60-4B6C-AE8F-68F5E4514553}.Release|x86.Build.0 = Release|Any CPU
	EndGlobalSection
	GlobalSection(SolutionProperties) = preSolution
		HideSolutionNode = FALSE
	EndGlobalSection
	GlobalSection(ExtensibilityGlobals) = postSolution
		SolutionGuid = {E7FAE9AF-DEFE-4B3C-829D-35E6E9439836}
	EndGlobalSection
EndGlobal
